{
    "_readme": [
        "This file locks the dependencies of your project to a known state",
        "Read more about it at https://getcomposer.org/doc/01-basic-usage.md#composer-lock-the-lock-file",
        "This file is @generated automatically"
    ],
    "hash": "4300eb80db4f10872ec3f654a3bf4185",
    "content-hash": "9808e46e56adbe95ceda60f3693ff620",
    "packages": [
        {
            "name": "forxer/gravatar",
            "version": "1.3.0",
            "source": {
                "type": "git",
                "url": "https://github.com/forxer/gravatar.git",
                "reference": "5cfccda24b47950945859f11be5cd874e628cef4"
            },
            "dist": {
                "type": "zip",
                "url": "https://api.github.com/repos/forxer/gravatar/zipball/5cfccda24b47950945859f11be5cd874e628cef4",
                "reference": "5cfccda24b47950945859f11be5cd874e628cef4",
                "shasum": ""
            },
            "require": {
                "php": ">=5.4.0"
            },
            "type": "library",
            "autoload": {
                "psr-4": {
                    "forxer\\Gravatar\\": "src"
                }
            },
            "notification-url": "https://packagist.org/downloads/",
            "license": [
                "MIT"
            ],
            "authors": [
                {
                    "name": "Vincent Garnier",
                    "email": "forxer@gmail.org",
                    "homepage": "http://forx.fr"
                }
            ],
            "description": "A library providing easy gravatar integration.",
            "keywords": [
                "gravatar"
            ],
            "time": "2015-06-30 11:28:02"
        }
    ],
    "packages-dev": [],
    "aliases": [],
    "minimum-stability": "stable",
    "stability-flags": [],
    "prefer-stable": false,
    "prefer-lowest": false,
    "platform": [],
    "platform-dev": []
}
